
Microsoft Visual Studio Solution File, Format Version 12.00
#
Project("{FAE04EC0-301F-11D3-BF4B-00C04F79EFBC}") = "CommonLib", "CommonLib\CommonLib.csproj", "{887F4EAE-FF8D-48FB-85A7-50AFFD498458}"
EndProject
Project("{FAE04EC0-301F-11D3-BF4B-00C04F79EFBC}") = "D1", "D1\D1.csproj", "{33E32629-2AA0-408C-A67B-7077ED559DDD}"
EndProject
Project("{FAE04EC0-301F-11D3-BF4B-00C04F79EFBC}") = "D2", "D2\D2.csproj", "{49C7DCBC-AC9F-41F6-B4E6-386827385078}"
EndProject
Project("{FAE04EC0-301F-11D3-BF4B-00C04F79EFBC}") = "D3", "D3\D3.csproj", "{886FC204-8211-4AC6-B813-19C889E706F4}"
EndProject
Project("{FAE04EC0-301F-11D3-BF4B-00C04F79EFBC}") = "D4", "D4\D4.csproj", "{A0277083-7734-4D6D-989C-7530DFDF0712}"
EndProject
Project("{FAE04EC0-301F-11D3-BF4B-00C04F79EFBC}") = "D5", "D5\D5.csproj", "{CE6A3132-FC41-4558-8716-2536A5B9828F}"
EndProject
Project("{FAE04EC0-301F-11D3-BF4B-00C04F79EFBC}") = "D6", "D6\D6.csproj", "{4B6E8A98-9DC9-4F8E-85DB-DF227AF78478}"
EndProject
Project("{FAE04EC0-301F-11D3-BF4B-00C04F79EFBC}") = "D7", "D7\D7.csproj", "{72B30E26-2DBE-4C68-BE87-EB4D274FB3DF}"
EndProject
Project("{FAE04EC0-301F-11D3-BF4B-00C04F79EFBC}") = "D8", "D8\D8.csproj", "{2DC93000-4B33-4739-BC18-D0C74195F875}"
EndProject
Global
	GlobalSection(SolutionConfigurationPlatforms) = preSolution
		Debug|Any CPU = Debug|Any CPU
		Release|Any CPU = Release|Any CPU
	EndGlobalSection
	GlobalSection(ProjectConfigurationPlatforms) = postSolution
		{887F4EAE-FF8D-48FB-85A7-50AFFD498458}.Debug|Any CPU.ActiveCfg = Debug|Any CPU
		{887F4EAE-FF8D-48FB-85A7-50AFFD498458}.Debug|Any CPU.Build.0 = Debug|Any CPU
		{887F4EAE-FF8D-48FB-85A7-50AFFD498458}.Release|Any CPU.ActiveCfg = Release|Any CPU
		{887F4EAE-FF8D-48FB-85A7-50AFFD498458}.Release|Any CPU.Build.0 = Release|Any CPU
		{33E32629-2AA0-408C-A67B-7077ED559DDD}.Debug|Any CPU.ActiveCfg = Debug|Any CPU
		{33E32629-2AA0-408C-A67B-7077ED559DDD}.Debug|Any CPU.Build.0 = Debug|Any CPU
		{33E32629-2AA0-408C-A67B-7077ED559DDD}.Release|Any CPU.ActiveCfg = Release|Any CPU
		{33E32629-2AA0-408C-A67B-7077ED559DDD}.Release|Any CPU.Build.0 = Release|Any CPU
		{49C7DCBC-AC9F-41F6-B4E6-386827385078}.Debug|Any CPU.ActiveCfg = Debug|Any CPU
		{49C7DCBC-AC9F-41F6-B4E6-386827385078}.Debug|Any CPU.Build.0 = Debug|Any CPU
		{49C7DCBC-AC9F-41F6-B4E6-386827385078}.Release|Any CPU.ActiveCfg = Release|Any CPU
		{49C7DCBC-AC9F-41F6-B4E6-386827385078}.Release|Any CPU.Build.0 = Release|Any CPU
		{886FC204-8211-4AC6-B813-19C889E706F4}.Debug|Any CPU.ActiveCfg = Debug|Any CPU
		{886FC204-8211-4AC6-B813-19C889E706F4}.Debug|Any CPU.Build.0 = Debug|Any CPU
		{886FC204-8211-4AC6-B813-19C889E706F4}.Release|Any CPU.ActiveCfg = Release|Any CPU
		{886FC204-8211-4AC6-B813-19C889E706F4}.Release|Any CPU.Build.0 = Release|Any CPU
		{A0277083-7734-4D6D-989C-7530DFDF0712}.Debug|Any CPU.ActiveCfg = Debug|Any CPU
		{A0277083-7734-4D6D-989C-7530DFDF0712}.Debug|Any CPU.Build.0 = Debug|Any CPU
		{A0277083-7734-4D6D-989C-7530DFDF0712}.Release|Any CPU.ActiveCfg = Release|Any CPU
		{A0277083-7734-4D6D-989C-7530DFDF0712}.Release|Any CPU.Build.0 = Release|Any CPU
		{CE6A3132-FC41-4558-8716-2536A5B9828F}.Debug|Any CPU.ActiveCfg = Debug|Any CPU
		{CE6A3132-FC41-4558-8716-2536A5B9828F}.Debug|Any CPU.Build.0 = Debug|Any CPU
		{CE6A3132-FC41-4558-8716-2536A5B9828F}.Release|Any CPU.ActiveCfg = Release|Any CPU
		{CE6A3132-FC41-4558-8716-2536A5B9828F}.Release|Any CPU.Build.0 = Release|Any CPU
		{4B6E8A98-9DC9-4F8E-85DB-DF227AF78478}.Debug|Any CPU.ActiveCfg = Debug|Any CPU
		{4B6E8A98-9DC9-4F8E-85DB-DF227AF78478}.Debug|Any CPU.Build.0 = Debug|Any CPU
		{4B6E8A98-9DC9-4F8E-85DB-DF227AF78478}.Release|Any CPU.ActiveCfg = Release|Any CPU
		{4B6E8A98-9DC9-4F8E-85DB-DF227AF78478}.Release|Any CPU.Build.0 = Release|Any CPU
		{72B30E26-2DBE-4C68-BE87-EB4D274FB3DF}.Debug|Any CPU.ActiveCfg = Debug|Any CPU
		{72B30E26-2DBE-4C68-BE87-EB4D274FB3DF}.Debug|Any CPU.Build.0 = Debug|Any CPU
		{72B30E26-2DBE-4C68-BE87-EB4D274FB3DF}.Release|Any CPU.ActiveCfg = Release|Any CPU
		{72B30E26-2DBE-4C68-BE87-EB4D274FB3DF}.Release|Any CPU.Build.0 = Release|Any CPU
		{2DC93000-4B33-4739-BC18-D0C74195F875}.Debug|Any CPU.ActiveCfg = Debug|Any CPU
		{2DC93000-4B33-4739-BC18-D0C74195F875}.Debug|Any CPU.Build.0 = Debug|Any CPU
		{2DC93000-4B33-4739-BC18-D0C74195F875}.Release|Any CPU.ActiveCfg = Release|Any CPU
		{2DC93000-4B33-4739-BC18-D0C74195F875}.Release|Any CPU.Build.0 = Release|Any CPU
	EndGlobalSection
EndGlobal
